{
  "name": "api-only",
  "version": "1.0.0",
  "lockfileVersion": 2,
  "requires": true,
  "packages": {
    "": {
      "dependencies": {
        "resend": "^1.0.0",
        "@supabase/supabase-js": "^2.0.0"
      }
    }
  },
  "dependencies": {
    "resend": {
      "version": "1.0.0",
      "resolved": "https://registry.npmjs.org/resend/-/resend-1.0.0.tgz",
      "integrity": "sha512-...",
      "requires": {}
    },
    "@supabase/supabase-js": {
      "version": "2.0.0",
      "resolved": "https://registry.npmjs.org/@supabase/supabase-js/-/supabase-js-2.0.0.tgz",
      "integrity": "sha512-...",
      "requires": {}
    }
  }
}
